
Microsoft Visual Studio Solution File, Format Version 12.00
# Visual Studio Version 17
VisualStudioVersion = 17.5.002.0
MinimumVisualStudioVersion = 10.0.40219.1
Project("{9A19103F-16F7-4668-BE54-9A1E7A4F7556}") = "ZeepCoin", "ZeepCoin\ZeepCoin.csproj", "{DDE6A16D-2CBA-4533-8DBC-F2C161063DED}"
EndProject
Global
	GlobalSection(SolutionConfigurationPlatforms) = preSolution
		Debug|Any CPU = Debug|Any CPU
		Release|Any CPU = Release|Any CPU
	EndGlobalSection
	GlobalSection(ProjectConfigurationPlatforms) = postSolution
		{DDE6A16D-2CBA-4533-8DBC-F2C161063DED}.Debug|Any CPU.ActiveCfg = Debug|Any CPU
		{DDE6A16D-2CBA-4533-8DBC-F2C161063DED}.Debug|Any CPU.Build.0 = Debug|Any CPU
		{DDE6A16D-2CBA-4533-8DBC-F2C161063DED}.Release|Any CPU.ActiveCfg = Release|Any CPU
		{DDE6A16D-2CBA-4533-8DBC-F2C161063DED}.Release|Any CPU.Build.0 = Release|Any CPU
	EndGlobalSection
	GlobalSection(SolutionProperties) = preSolution
		HideSolutionNode = FALSE
	EndGlobalSection
	GlobalSection(ExtensibilityGlobals) = postSolution
		SolutionGuid = {FB04966F-E236-4E49-B7C1-9852B42441DB}
	EndGlobalSection
EndGlobal
